
Microsoft Visual Studio Solution File, Format Version 12.00
# Visual Studio Version 17
VisualStudioVersion = 17.0.32112.339
MinimumVisualStudioVersion = 10.0.40219.1
Project("{2150E333-8FDC-42A3-9474-1A3956D46DE8}") = "Solution Items", "Solution Items", "{719C113A-6804-4150-8473-BF889F06DFD6}"
	ProjectSection(SolutionItems) = preProject
		.editorconfig = .editorconfig
		.github\workflows\publish-beta.yml = .github\workflows\publish-beta.yml
		.github\workflows\publish.yml = .github\workflows\publish.yml
		Readme.MD = Readme.MD
		.github\workflows\test.yml = .github\workflows\test.yml
	EndProjectSection
EndProject
Project("{9A19103F-16F7-4668-BE54-9A1E7A4F7556}") = "Test", "Test\Test.csproj", "{2C9831AD-37C7-42DF-9E83-E66ED5930773}"
EndProject
Project("{9A19103F-16F7-4668-BE54-9A1E7A4F7556}") = "SmartA2", "SmartA2\SmartA2.csproj", "{8FE72179-D931-4130-AC75-D499205CFB8A}"
EndProject
Project("{9A19103F-16F7-4668-BE54-9A1E7A4F7556}") = "XUnitTest", "XUnitTest\XUnitTest.csproj", "{64BDB91E-0B31-4EDD-AD11-8D83A1A3CD82}"
EndProject
Project("{2150E333-8FDC-42A3-9474-1A3956D46DE8}") = "Samples", "Samples", "{3DB3FAF5-8F1A-44EB-A407-025A4AB19AB0}"
EndProject
Project("{9A19103F-16F7-4668-BE54-9A1E7A4F7556}") = "LedTest", "Samples\LedTest\LedTest.csproj", "{B1632DC0-9AFF-4034-9234-32B9A0B8F2A4}"
EndProject
Global
	GlobalSection(SolutionConfigurationPlatforms) = preSolution
		Debug|Any CPU = Debug|Any CPU
		Release|Any CPU = Release|Any CPU
	EndGlobalSection
	GlobalSection(ProjectConfigurationPlatforms) = postSolution
		{2C9831AD-37C7-42DF-9E83-E66ED5930773}.Debug|Any CPU.ActiveCfg = Debug|Any CPU
		{2C9831AD-37C7-42DF-9E83-E66ED5930773}.Debug|Any CPU.Build.0 = Debug|Any CPU
		{2C9831AD-37C7-42DF-9E83-E66ED5930773}.Release|Any CPU.ActiveCfg = Release|Any CPU
		{2C9831AD-37C7-42DF-9E83-E66ED5930773}.Release|Any CPU.Build.0 = Release|Any CPU
		{8FE72179-D931-4130-AC75-D499205CFB8A}.Debug|Any CPU.ActiveCfg = Debug|Any CPU
		{8FE72179-D931-4130-AC75-D499205CFB8A}.Debug|Any CPU.Build.0 = Debug|Any CPU
		{8FE72179-D931-4130-AC75-D499205CFB8A}.Release|Any CPU.ActiveCfg = Release|Any CPU
		{8FE72179-D931-4130-AC75-D499205CFB8A}.Release|Any CPU.Build.0 = Release|Any CPU
		{64BDB91E-0B31-4EDD-AD11-8D83A1A3CD82}.Debug|Any CPU.ActiveCfg = Debug|Any CPU
		{64BDB91E-0B31-4EDD-AD11-8D83A1A3CD82}.Debug|Any CPU.Build.0 = Debug|Any CPU
		{64BDB91E-0B31-4EDD-AD11-8D83A1A3CD82}.Release|Any CPU.ActiveCfg = Release|Any CPU
		{64BDB91E-0B31-4EDD-AD11-8D83A1A3CD82}.Release|Any CPU.Build.0 = Release|Any CPU
		{B1632DC0-9AFF-4034-9234-32B9A0B8F2A4}.Debug|Any CPU.ActiveCfg = Debug|Any CPU
		{B1632DC0-9AFF-4034-9234-32B9A0B8F2A4}.Debug|Any CPU.Build.0 = Debug|Any CPU
		{B1632DC0-9AFF-4034-9234-32B9A0B8F2A4}.Release|Any CPU.ActiveCfg = Release|Any CPU
		{B1632DC0-9AFF-4034-9234-32B9A0B8F2A4}.Release|Any CPU.Build.0 = Release|Any CPU
	EndGlobalSection
	GlobalSection(SolutionProperties) = preSolution
		HideSolutionNode = FALSE
	EndGlobalSection
	GlobalSection(NestedProjects) = preSolution
		{B1632DC0-9AFF-4034-9234-32B9A0B8F2A4} = {3DB3FAF5-8F1A-44EB-A407-025A4AB19AB0}
	EndGlobalSection
	GlobalSection(ExtensibilityGlobals) = postSolution
		SolutionGuid = {323831A1-A95B-40AB-B9AD-36A0BC10C2CB}
	EndGlobalSection
EndGlobal
